lock_version: 1
generated_at: '2026-05-16T20:49:21+00:00'
entries:
- import_name: ggplot2_py
  distribution: ggplot2-python
  distribution_version: 4.0.2.9000.post3
  contract_class: mixed
  manifest_sha256: 7022c989529a694283287ceab6eb357d560f3fdc9a5d8a7bd382d566827ec125
- import_name: grid_py
  distribution: rgrid-python
  distribution_version: 4.5.3.post3
  contract_class: grammar
  manifest_sha256: 20beb342450a88ef49fbf361988724296d5aa4aaf9787c1d23d54d2c493d390b
- import_name: gtable_py
  distribution: gtable-python
  distribution_version: 0.3.6.9000.post1
  contract_class: grammar
  manifest_sha256: c4e3efe28d8c51659134d94e2a80aa8ceadf1617bb5a4f3d121544a907410928
- import_name: monocle2py
  distribution: monocle2-python
  distribution_version: 2.9.0
  contract_class: analysis
  manifest_sha256: ce602040e2dff8667971ab96b9f115480a942b8221b4e6d851f563967c1dd6e9
- import_name: monocle3
  distribution: monocle3-python
  distribution_version: 1.4.26
  contract_class: analysis
  manifest_sha256: 9ca370c4d459b960aaef801a09b394fc6e5b9721454d09195bafe73c954da190
- import_name: scales
  distribution: scales-python
  distribution_version: 1.4.0.9000
  contract_class: grammar
  manifest_sha256: 0ad0109db8c240c08e19c3e46a9956ac47d3c14dc70969692b0d09a5a5b2af3b
